
Microsoft Visual Studio Solution File, Format Version 12.00
# Visual Studio 14
VisualStudioVersion = 14.0.25420.1
MinimumVisualStudioVersion = 10.0.40219.1
Project("{FAE04EC0-301F-11D3-BF4B-00C04F79EFBC}") = "NautaFootball", "src\NautaFootball\NautaFootball.csproj", "{552834E9-102E-4497-9615-3F82C4287F80}"
EndProject
Project("{2150E333-8FDC-42A3-9474-1A3956D46DE8}") = "Data", "Data", "{C2408046-F827-4597-A07D-5724460D43A3}"
EndProject
Project("{FAE04EC0-301F-11D3-BF4B-00C04F79EFBC}") = "NautaFootball.DataSeeds", "src\NautaFootball.DataSeeds\NautaFootball.DataSeeds.csproj", "{455F4F00-60D5-411B-BE15-F6A53A048FAF}"
EndProject
Project("{2150E333-8FDC-42A3-9474-1A3956D46DE8}") = "Emails", "Emails", "{338E8BBC-C2E9-471E-8AD1-7C0FEBF070CD}"
EndProject
Project("{FAE04EC0-301F-11D3-BF4B-00C04F79EFBC}") = "NautaFootball.Emails", "src\NautaFootball.Emails\NautaFootball.Emails.csproj", "{DE0ACA17-2A9E-45D5-BF86-8A32D8967368}"
EndProject
Global
	GlobalSection(SolutionConfigurationPlatforms) = preSolution
		Debug|Any CPU = Debug|Any CPU
		Release|Any CPU = Release|Any CPU
	EndGlobalSection
	GlobalSection(ProjectConfigurationPlatforms) = postSolution
		{552834E9-102E-4497-9615-3F82C4287F80}.Debug|Any CPU.ActiveCfg = Debug|Any CPU
		{552834E9-102E-4497-9615-3F82C4287F80}.Debug|Any CPU.Build.0 = Debug|Any CPU
		{552834E9-102E-4497-9615-3F82C4287F80}.Release|Any CPU.ActiveCfg = Release|Any CPU
		{552834E9-102E-4497-9615-3F82C4287F80}.Release|Any CPU.Build.0 = Release|Any CPU
		{455F4F00-60D5-411B-BE15-F6A53A048FAF}.Debug|Any CPU.ActiveCfg = Debug|Any CPU
		{455F4F00-60D5-411B-BE15-F6A53A048FAF}.Debug|Any CPU.Build.0 = Debug|Any CPU
		{455F4F00-60D5-411B-BE15-F6A53A048FAF}.Release|Any CPU.ActiveCfg = Release|Any CPU
		{455F4F00-60D5-411B-BE15-F6A53A048FAF}.Release|Any CPU.Build.0 = Release|Any CPU
		{DE0ACA17-2A9E-45D5-BF86-8A32D8967368}.Debug|Any CPU.ActiveCfg = Debug|Any CPU
		{DE0ACA17-2A9E-45D5-BF86-8A32D8967368}.Debug|Any CPU.Build.0 = Debug|Any CPU
		{DE0ACA17-2A9E-45D5-BF86-8A32D8967368}.Release|Any CPU.ActiveCfg = Release|Any CPU
		{DE0ACA17-2A9E-45D5-BF86-8A32D8967368}.Release|Any CPU.Build.0 = Release|Any CPU
	EndGlobalSection
	GlobalSection(SolutionProperties) = preSolution
		HideSolutionNode = FALSE
	EndGlobalSection
	GlobalSection(NestedProjects) = preSolution
		{455F4F00-60D5-411B-BE15-F6A53A048FAF} = {C2408046-F827-4597-A07D-5724460D43A3}
		{DE0ACA17-2A9E-45D5-BF86-8A32D8967368} = {338E8BBC-C2E9-471E-8AD1-7C0FEBF070CD}
	EndGlobalSection
EndGlobal
